# This file was autogenerated by uv via the following command:
#    uv --cache-dir .cache/uv pip compile pyproject.toml --extra rapidocr --constraint requirements-benchmark.lock --python .venv\Scripts\python.exe --offline --output-file .cache/requirements-rapidocr-constrained.lock
antlr4-python3-runtime==4.9.3
    # via
    #   -c requirements-benchmark.lock
    #   omegaconf
certifi==2026.7.22
    # via
    #   -c requirements-benchmark.lock
    #   requests
charset-normalizer==3.5.2
    # via
    #   -c requirements-benchmark.lock
    #   requests
colorama==0.4.6
    # via
    #   -c requirements-benchmark.lock
    #   colorlog
    #   tqdm
coloredlogs==15.0.1
    # via
    #   -c requirements-benchmark.lock
    #   onnxruntime
colorlog==6.12.0
    # via
    #   -c requirements-benchmark.lock
    #   rapidocr
flatbuffers==25.12.19
    # via
    #   -c requirements-benchmark.lock
    #   onnxruntime
humanfriendly==10.0
    # via
    #   -c requirements-benchmark.lock
    #   coloredlogs
idna==3.20
    # via
    #   -c requirements-benchmark.lock
    #   requests
mpmath==1.3.0
    # via
    #   -c requirements-benchmark.lock
    #   sympy
numpy==2.5.3
    # via
    #   -c requirements-benchmark.lock
    #   onnxruntime
    #   opencv-python
    #   rapidocr
    #   shapely
omegaconf==2.3.1
    # via
    #   -c requirements-benchmark.lock
    #   rapidocr
onnxruntime==1.23.2
    # via
    #   -c requirements-benchmark.lock
    #   document-intake-to-structured-data (pyproject.toml)
opencv-python==5.0.0.93
    # via
    #   -c requirements-benchmark.lock
    #   rapidocr
packaging==26.3
    # via
    #   -c requirements-benchmark.lock
    #   onnxruntime
pillow==10.4.0
    # via
    #   -c requirements-benchmark.lock
    #   document-intake-to-structured-data (pyproject.toml)
    #   rapidocr
protobuf==7.36.2
    # via
    #   -c requirements-benchmark.lock
    #   onnxruntime
psutil==7.2.2
    # via
    #   -c requirements-benchmark.lock
    #   document-intake-to-structured-data (pyproject.toml)
pyclipper==1.4.0
    # via
    #   -c requirements-benchmark.lock
    #   rapidocr
pypdfium2==4.30.0
    # via
    #   -c requirements-benchmark.lock
    #   document-intake-to-structured-data (pyproject.toml)
pyreadline3==3.5.6
    # via
    #   -c requirements-benchmark.lock
    #   humanfriendly
pywin32==312
    # via
    #   -c requirements-benchmark.lock
    #   document-intake-to-structured-data (pyproject.toml)
pyyaml==6.0.3
    # via
    #   -c requirements-benchmark.lock
    #   omegaconf
    #   rapidocr
rapidocr==3.4.2
    # via
    #   -c requirements-benchmark.lock
    #   document-intake-to-structured-data (pyproject.toml)
requests==2.34.2
    # via
    #   -c requirements-benchmark.lock
    #   rapidocr
shapely==2.1.2
    # via
    #   -c requirements-benchmark.lock
    #   rapidocr
six==1.17.0
    # via
    #   -c requirements-benchmark.lock
    #   rapidocr
sympy==1.14.0
    # via
    #   -c requirements-benchmark.lock
    #   onnxruntime
tqdm==4.70.1
    # via
    #   -c requirements-benchmark.lock
    #   rapidocr
urllib3==2.8.0
    # via
    #   -c requirements-benchmark.lock
    #   requests
